
Microsoft Visual Studio Solution File, Format Version 12.00
# Visual Studio 15
VisualStudioVersion = 15.0.27130.2010
MinimumVisualStudioVersion = 10.0.40219.1
Project("{FAE04EC0-301F-11D3-BF4B-00C04F79EFBC}") = "TasksFilter", "TasksFilter\TasksFilter.csproj", "{6E586E30-7F1A-4249-A64E-F2E5E2B7E1BC}"
EndProject
Global
	GlobalSection(SolutionConfigurationPlatforms) = preSolution
		Debug|Any CPU = Debug|Any CPU
		Release|Any CPU = Release|Any CPU
	EndGlobalSection
	GlobalSection(ProjectConfigurationPlatforms) = postSolution
		{6E586E30-7F1A-4249-A64E-F2E5E2B7E1BC}.Debug|Any CPU.ActiveCfg = Debug|Any CPU
		{6E586E30-7F1A-4249-A64E-F2E5E2B7E1BC}.Debug|Any CPU.Build.0 = Debug|Any CPU
		{6E586E30-7F1A-4249-A64E-F2E5E2B7E1BC}.Release|Any CPU.ActiveCfg = Release|Any CPU
		{6E586E30-7F1A-4249-A64E-F2E5E2B7E1BC}.Release|Any CPU.Build.0 = Release|Any CPU
	EndGlobalSection
	GlobalSection(SolutionProperties) = preSolution
		HideSolutionNode = FALSE
	EndGlobalSection
	GlobalSection(ExtensibilityGlobals) = postSolution
		SolutionGuid = {B16CC2EE-A44A-49D9-9E19-807ED1A37ECE}
	EndGlobalSection
EndGlobal
