
Microsoft Visual Studio Solution File, Format Version 12.00
# Visual Studio 2017
Project("{FAE04EC0-301F-11D3-BF4B-00C04F79EFBC}") = "CityHelper", "CityHelper.csproj", "{86341BB7-D20B-6D9F-CF3E-F92D6FA5DEA7}"
EndProject
Project("{FAE04EC0-301F-11D3-BF4B-00C04F79EFBC}") = "CityHelper.Editor", "CityHelper.Editor.csproj", "{0B816AC3-D5A5-8920-48A0-B00637076494}"
EndProject
Global
	GlobalSection(SolutionConfigurationPlatforms) = preSolution
		Debug|Any CPU = Debug|Any CPU
		Release|Any CPU = Release|Any CPU
	EndGlobalSection
	GlobalSection(ProjectConfigurationPlatforms) = postSolution
		{86341BB7-D20B-6D9F-CF3E-F92D6FA5DEA7}.Debug|Any CPU.ActiveCfg = Debug|Any CPU
		{86341BB7-D20B-6D9F-CF3E-F92D6FA5DEA7}.Debug|Any CPU.Build.0 = Debug|Any CPU
		{86341BB7-D20B-6D9F-CF3E-F92D6FA5DEA7}.Release|Any CPU.ActiveCfg = Release|Any CPU
		{86341BB7-D20B-6D9F-CF3E-F92D6FA5DEA7}.Release|Any CPU.Build.0 = Release|Any CPU
		{0B816AC3-D5A5-8920-48A0-B00637076494}.Debug|Any CPU.ActiveCfg = Debug|Any CPU
		{0B816AC3-D5A5-8920-48A0-B00637076494}.Debug|Any CPU.Build.0 = Debug|Any CPU
		{0B816AC3-D5A5-8920-48A0-B00637076494}.Release|Any CPU.ActiveCfg = Release|Any CPU
		{0B816AC3-D5A5-8920-48A0-B00637076494}.Release|Any CPU.Build.0 = Release|Any CPU
	EndGlobalSection
	GlobalSection(SolutionProperties) = preSolution
		HideSolutionNode = FALSE
	EndGlobalSection
EndGlobal
